
Microsoft Visual Studio Solution File, Format Version 12.00
# Visual Studio Version 17
VisualStudioVersion = 17.6.33712.159
MinimumVisualStudioVersion = 10.0.40219.1
Project("{FAE04EC0-301F-11D3-BF4B-00C04F79EFBC}") = "MyQQ4Client", "MyQQ4Client.csproj", "{84DFD140-F571-4B6A-A712-FDBCD6190700}"
EndProject
Global
	GlobalSection(SolutionConfigurationPlatforms) = preSolution
		Debug|Any CPU = Debug|Any CPU
		Release|Any CPU = Release|Any CPU
	EndGlobalSection
	GlobalSection(ProjectConfigurationPlatforms) = postSolution
		{84DFD140-F571-4B6A-A712-FDBCD6190700}.Debug|Any CPU.ActiveCfg = Debug|Any CPU
		{84DFD140-F571-4B6A-A712-FDBCD6190700}.Debug|Any CPU.Build.0 = Debug|Any CPU
		{84DFD140-F571-4B6A-A712-FDBCD6190700}.Release|Any CPU.ActiveCfg = Release|Any CPU
		{84DFD140-F571-4B6A-A712-FDBCD6190700}.Release|Any CPU.Build.0 = Release|Any CPU
	EndGlobalSection
	GlobalSection(SolutionProperties) = preSolution
		HideSolutionNode = FALSE
	EndGlobalSection
	GlobalSection(ExtensibilityGlobals) = postSolution
		SolutionGuid = {A5278E0B-B834-43DD-8971-4783189FC426}
	EndGlobalSection
EndGlobal
